Microsoft Visual Studio Solution File, Format Version 12.00
# Visual Studio Version 17
VisualStudioVersion = 17.5.2.0
MinimumVisualStudioVersion = 10.0.40219.1
Project("{FAE04EC0-301F-11D3-BF4B-00C04F79EFBC}") = "ClaudeWpfApp", "ClaudeWpfApp\ClaudeWpfApp.csproj", "{BFA8A281-27C2-56D6-3964-CC51F82EDE16}"
EndProject
Global
	GlobalSection(SolutionConfigurationPlatforms) = preSolution
		Debug|Any CPU = Debug|Any CPU
		Release|Any CPU = Release|Any CPU
	EndGlobalSection
	GlobalSection(ProjectConfigurationPlatforms) = postSolution
		{BFA8A281-27C2-56D6-3964-CC51F82EDE16}.Debug|Any CPU.ActiveCfg = Debug|Any CPU
		{BFA8A281-27C2-56D6-3964-CC51F82EDE16}.Debug|Any CPU.Build.0 = Debug|Any CPU
		{BFA8A281-27C2-56D6-3964-CC51F82EDE16}.Release|Any CPU.ActiveCfg = Release|Any CPU
		{BFA8A281-27C2-56D6-3964-CC51F82EDE16}.Release|Any CPU.Build.0 = Release|Any CPU
	EndGlobalSection
	GlobalSection(SolutionProperties) = preSolution
		HideSolutionNode = FALSE
	EndGlobalSection
	GlobalSection(ExtensibilityGlobals) = postSolution
		SolutionGuid = {D7871484-366C-4376-B06B-135A1A5236D4}
	EndGlobalSection
EndGlobal
